
Microsoft Visual Studio Solution File, Format Version 12.00
# Visual Studio Version 16
VisualStudioVersion = 16.0.33328.57
MinimumVisualStudioVersion = 10.0.40219.1
Project("{4DF76451-A46A-4C0B-BE03-459FAAFA07E6}") = "PingCastlePowerBIConnector", "PingCastlePowerBIConnector.mproj", "{2B0892E1-0B5F-44CB-937E-2DD5CCCC85DA}"
EndProject
Global
	GlobalSection(SolutionConfigurationPlatforms) = preSolution
		Debug|x86 = Debug|x86
		Release|x86 = Release|x86
	EndGlobalSection
	GlobalSection(ProjectConfigurationPlatforms) = postSolution
		{2B0892E1-0B5F-44CB-937E-2DD5CCCC85DA}.Debug|x86.ActiveCfg = Debug|x86
		{2B0892E1-0B5F-44CB-937E-2DD5CCCC85DA}.Debug|x86.Build.0 = Debug|x86
		{2B0892E1-0B5F-44CB-937E-2DD5CCCC85DA}.Release|x86.ActiveCfg = Release|x86
		{2B0892E1-0B5F-44CB-937E-2DD5CCCC85DA}.Release|x86.Build.0 = Release|x86
	EndGlobalSection
	GlobalSection(SolutionProperties) = preSolution
		HideSolutionNode = FALSE
	EndGlobalSection
	GlobalSection(ExtensibilityGlobals) = postSolution
		SolutionGuid = {A99AA136-35D0-4CB2-B93F-A6BFFFAC1829}
	EndGlobalSection
EndGlobal
